PODS:
  - Flutter (1.0.0)
  - "permission_handler (5.0.1+1)":
    - Flutter
  - vcrtc_plugin (0.0.1):
    - Flutter

DEPENDENCIES:
  - Flutter (from `Flutter`)
  - permission_handler (from `.symlinks/plugins/permission_handler/ios`)
  - vcrtc_plugin (from `.symlinks/plugins/vcrtc_plugin/ios`)

EXTERNAL SOURCES:
  Flutter:
    :path: Flutter
  permission_handler:
    :path: ".symlinks/plugins/permission_handler/ios"
  vcrtc_plugin:
    :path: ".symlinks/plugins/vcrtc_plugin/ios"

SPEC CHECKSUMS:
  Flutter: 0e3d915762c693b495b44d77113d4970485de6ec
  permission_handler: eac8e15b4a1a3fba55b761d19f3f4e6b005d15b6
  vcrtc_plugin: 2f15b1f24a2956e445234f0bfa11e0c70c2a765c

PODFILE CHECKSUM: 113b63acc6f1f296c4fae9f111fcc88d62b414c7

COCOAPODS: 1.9.3
